
// !$*UTF8*$!
{
	archiveVersion = 1;
	classes = {
	};
	objectVersion = 46;
	objects = {

/* Begin PBXBuildFile section */
		4BDAA45D1E475B8700EA41ED /* MusicalScaleKit.framework in Frameworks */ = {isa = PBXBuildFile; fileRef = 4BDAA4531E475B8700EA41ED /* MusicalScaleKit.framework */; };
		4BDAA4621E475B8700EA41ED /* MusicalScaleKitTests.swift in Sources */ = {isa = PBXBuildFile; fileRef = 4BDAA4611E475B8700EA41ED /* MusicalScaleKitTests.swift */; };
		4BDAA4641E475B8700EA41ED /* MusicalScaleKit.h in Headers */ = {isa = PBXBuildFile; fileRef = 4BDAA4561E475B8700EA41ED /* MusicalScaleKit.h */; settings = {ATTRIBUTES = (Public, ); }; };
		4BDAA47C1E475BC400EA41ED /* Accidental.swift in Sources */ = {isa = PBXBuildFile; fileRef = 4BDAA4771E475BC400EA41ED /* Accidental.swift */; };
		4BDAA47D1E475BC400EA41ED /* Degree.swift in Sources */ = {isa = PBXBuildFile; fileRef = 4BDAA4781E475BC400EA41ED /* Degree.swift */; };
		4BDAA47E1E475BC400EA41ED /* Note.swift in Sources */ = {isa = PBXBuildFile; fileRef = 4BDAA4791E475BC400EA41ED /* Note.swift */; };
		4BDAA47F1E475BC400EA41ED /* Notes.swift in Sources */ = {isa = PBXBuildFile; fileRef = 4BDAA47A1E475BC400EA41ED /* Notes.swift */; };
		4BDAA4801E475BC400EA41ED /* Scale.swift in Sources */ = {isa = PBXBuildFile; fileRef = 4BDAA47B1E475BC400EA41ED /* Scale.swift */; };
/* End PBXBuildFile section */

/* Begin PBXContainerItemProxy section */
		4BDAA45E1E475B8700EA41ED /* PBXContainerItemProxy */ = {
			isa = PBXContainerItemProxy;
			containerPortal = 4BDAA44A1E475B8700EA41ED /* Project object */;
			proxyType = 1;
			remoteGlobalIDString = 4BDAA4521E475B8700EA41ED;
			remoteInfo = MusicalScaleKit;
		};
/* End PBXContainerItemProxy section */

/* Begin PBXFileReference section */
		4BDAA4531E475B8700EA41ED /* MusicalScaleKit.framework */ = {isa = PBXFileReference; explicitFileType = wrapper.framework; includeInIndex = 0; path = MusicalScaleKit.framework; sourceTree = BUILT_PRODUCTS_DIR; };
		4BDAA4561E475B8700EA41ED /* MusicalScaleKit.h */ = {isa = PBXFileReference; lastKnownFileType = sourcecode.c.h; path = MusicalScaleKit.h; sourceTree = "<group>"; };
		4BDAA4571E475B8700EA41ED /* Info.plist */ = {isa = PBXFileReference; lastKnownFileType = text.plist.xml; path = Info.plist; sourceTree = "<group>"; };
		4BDAA45C1E475B8700EA41ED /* MusicalScaleKitTests.xctest */ = {isa = PBXFileReference; explicitFileType = wrapper.cfbundle; includeInIndex = 0; path = MusicalScaleKitTests.xctest; sourceTree = BUILT_PRODUCTS_DIR; };
		4BDAA4611E475B8700EA41ED /* MusicalScaleKitTests.swift */ = {isa = PBXFileReference; lastKnownFileType = sourcecode.swift; path = MusicalScaleKitTests.swift; sourceTree = "<group>"; };
		4BDAA4631E475B8700EA41ED /* Info.plist */ = {isa = PBXFileReference; lastKnownFileType = text.plist.xml; path = Info.plist; sourceTree = "<group>"; };
		4BDAA4771E475BC400EA41ED /* Accidental.swift */ = {isa = PBXFileReference; fileEncoding = 4; lastKnownFileType = sourcecode.swift; path = Accidental.swift; sourceTree = "<group>"; };
		4BDAA4781E475BC400EA41ED /* Degree.swift */ = {isa = PBXFileReference; fileEncoding = 4; lastKnownFileType = sourcecode.swift; path = Degree.swift; sourceTree = "<group>"; };
		4BDAA4791E475BC400EA41ED /* Note.swift */ = {isa = PBXFileReference; fileEncoding = 4; lastKnownFileType = sourcecode.swift; path = Note.swift; sourceTree = "<group>"; };
		4BDAA47A1E475BC400EA41ED /* Notes.swift */ = {isa = PBXFileReference; fileEncoding = 4; lastKnownFileType = sourcecode.swift; path = Notes.swift; sourceTree = "<group>"; };
		4BDAA47B1E475BC400EA41ED /* Scale.swift */ = {isa = PBXFileReference; fileEncoding = 4; lastKnownFileType = sourcecode.swift; path = Scale.swift; sourceTree = "<group>"; };
/* End PBXFileReference section */

/* Begin PBXFrameworksBuildPhase section */
		4BDAA44F1E475B8700EA41ED /* Frameworks */ = {
			isa = PBXFrameworksBuildPhase;
			buildActionMask = 2147483647;
			files = (
			);
			runOnlyForDeploymentPostprocessing = 0;
		};
		4BDAA4591E475B8700EA41ED /* Frameworks */ = {
			isa = PBXFrameworksBuildPhase;
			buildActionMask = 2147483647;
			files = (
				4BDAA45D1E475B8700EA41ED /* MusicalScaleKit.framework in Frameworks */,
			);
			runOnlyForDeploymentPostprocessing = 0;
		};
/* End PBXFrameworksBuildPhase section */

/* Begin PBXGroup section */
		4BDAA4491E475B8700EA41ED = {
			isa = PBXGroup;
			children = (
				4BDAA4551E475B8700EA41ED /* MusicalScaleKit */,
				4BDAA4601E475B8700EA41ED /* MusicalScaleKitTests */,
				4BDAA4541E475B8700EA41ED /* Products */,
			);
			sourceTree = "<group>";
		};
		4BDAA4541E475B8700EA41ED /* Products */ = {
			isa = PBXGroup;
			children = (
				4BDAA4531E475B8700EA41ED /* MusicalScaleKit.framework */,
				4BDAA45C1E475B8700EA41ED /* MusicalScaleKitTests.xctest */,
			);
			name = Products;
			sourceTree = "<group>";
		};
		4BDAA4551E475B8700EA41ED /* MusicalScaleKit */ = {
			isa = PBXGroup;
			children = (
				4BDAA4771E475BC400EA41ED /* Accidental.swift */,
				4BDAA4781E475BC400EA41ED /* Degree.swift */,
				4BDAA4791E475BC400EA41ED /* Note.swift */,
				4BDAA47A1E475BC400EA41ED /* Notes.swift */,
				4BDAA47B1E475BC400EA41ED /* Scale.swift */,
				4BDAA4561E475B8700EA41ED /* MusicalScaleKit.h */,
				4BDAA4571E475B8700EA41ED /* Info.plist */,
			);
			path = MusicalScaleKit;
			sourceTree = "<group>";
		};
		4BDAA4601E475B8700EA41ED /* MusicalScaleKitTests */ = {
			isa = PBXGroup;
			children = (
				4BDAA4611E475B8700EA41ED /* MusicalScaleKitTests.swift */,
				4BDAA4631E475B8700EA41ED /* Info.plist */,
			);
			path = MusicalScaleKitTests;
			sourceTree = "<group>";
		};
/* End PBXGroup section */

/* Begin PBXHeadersBuildPhase section */
		4BDAA4501E475B8700EA41ED /* Headers */ = {
			isa = PBXHeadersBuildPhase;
			buildActionMask = 2147483647;
			files = (
				4BDAA4641E475B8700EA41ED /* MusicalScaleKit.h in Headers */,
			);
			runOnlyForDeploymentPostprocessing = 0;
		};
/* End PBXHeadersBuildPhase section */

/* Begin PBXNativeTarget section */
		4BDAA4521E475B8700EA41ED /* MusicalScaleKit */ = {
			isa = PBXNativeTarget;
			buildConfigurationList = 4BDAA4671E475B8700EA41ED /* Build configuration list for PBXNativeTarget "MusicalScaleKit" */;
			buildPhases = (
				4BDAA44E1E475B8700EA41ED /* Sources */,
				4BDAA44F1E475B8700EA41ED /* Frameworks */,
				4BDAA4501E475B8700EA41ED /* Headers */,
				4BDAA4511E475B8700EA41ED /* Resources */,
			);
			buildRules = (
			);
			dependencies = (
			);
			name = MusicalScaleKit;
			productName = MusicalScaleKit;
			productReference = 4BDAA4531E475B8700EA41ED /* MusicalScaleKit.framework */;
			productType = "com.apple.product-type.framework";
		};
		4BDAA45B1E475B8700EA41ED /* MusicalScaleKitTests */ = {
			isa = PBXNativeTarget;
			buildConfigurationList = 4BDAA46A1E475B8700EA41ED /* Build configuration list for PBXNativeTarget "MusicalScaleKitTests" */;
			buildPhases = (
				4BDAA4581E475B8700EA41ED /* Sources */,
				4BDAA4591E475B8700EA41ED /* Frameworks */,